{
  "name": "moodlenet.1",
  "version": "1",
  "lockfileVersion": 3,
  "requires": true,
  "packages": {
    "": {
      "name": "moodlenet.1",
      "version": "1",
      "dependencies": {
        "@citricity/saml-auth": "file:/home/alec/MOODLENET/repo/community_contrib/moodlenet_my_fork/packages/@citricity__saml-auth",
        "@moodlenet/arangodb": "file:/home/alec/MOODLENET/repo/community_contrib/moodlenet_my_fork/packages/arangodb",
        "@moodlenet/collection": "file:/home/alec/MOODLENET/repo/community_contrib/moodlenet_my_fork/packages/collection",
        "@moodlenet/core": "file:/home/alec/MOODLENET/repo/community_contrib/moodlenet_my_fork/packages/core",
        "@moodlenet/crypto": "file:/home/alec/MOODLENET/repo/community_contrib/moodlenet_my_fork/packages/crypto",
        "@moodlenet/ed-meta": "file:/home/alec/MOODLENET/repo/community_contrib/moodlenet_my_fork/packages/ed-meta",
        "@moodlenet/ed-resource": "file:/home/alec/MOODLENET/repo/community_contrib/moodlenet_my_fork/packages/ed-resource",
        "@moodlenet/email-service": "file:/home/alec/MOODLENET/repo/community_contrib/moodlenet_my_fork/packages/email-service",
        "@moodlenet/extensions-manager": "file:/home/alec/MOODLENET/repo/community_contrib/moodlenet_my_fork/packages/extensions-manager",
        "@moodlenet/http-server": "file:/home/alec/MOODLENET/repo/community_contrib/moodlenet_my_fork/packages/http-server",
        "@moodlenet/moodle-lms-integration": "file:/home/alec/MOODLENET/repo/community_contrib/moodlenet_my_fork/packages/moodle-lms-integration",
        "@moodlenet/openid": "file:/home/alec/MOODLENET/repo/community_contrib/moodlenet_my_fork/packages/openid",
        "@moodlenet/organization": "file:/home/alec/MOODLENET/repo/community_contrib/moodlenet_my_fork/packages/organization",
        "@moodlenet/react-app": "file:/home/alec/MOODLENET/repo/community_contrib/moodlenet_my_fork/packages/react-app",
        "@moodlenet/simple-email-auth": "file:/home/alec/MOODLENET/repo/community_contrib/moodlenet_my_fork/packages/simple-email-auth",
        "@moodlenet/system-entities": "file:/home/alec/MOODLENET/repo/community_contrib/moodlenet_my_fork/packages/system-entities",
        "@moodlenet/web-user": "file:/home/alec/MOODLENET/repo/community_contrib/moodlenet_my_fork/packages/web-user"
      }
    },
    "../../packages/@citricity__saml-auth": {
      "version": "0.0.1",
      "license": "AGPL-3.0",
      "dependencies": {
        "express-session": "^1.18.0",
        "passport": "^0.7.0",
        "passport-saml": "^3.2.4"
      },
      "devDependencies": {
        "@moodlenet/component-library": "^0.8.1",
        "@moodlenet/core": "^0.8.1",
        "@moodlenet/http-server": "^0.8.1",
        "@moodlenet/react-app": "^0.8.1",
        "@types/express-session": "^1.18.0",
        "@types/node": "17.0.35",
        "@types/passport": "^1.0.16",
        "@types/react": "18.2.22",
        "@types/react-dom": "18.2.7",
        "react-router-dom": "6.4.1",
        "typescript": "5.4"
      },
      "engines": {
        "node": "20",
        "npm": "10",
        "yarn": "please-use-npm"
      },
      "peerDependencies": {
        "@moodlenet/component-library": "^0.8.1",
        "@moodlenet/core": "^0.8.1",
        "@moodlenet/http-server": "^0.8.1",
        "@moodlenet/react-app": "^0.8.1"
      }
    },
    "../../packages/arangodb": {
      "name": "@moodlenet/arangodb",
      "version": "0.8.1",
      "license": "AGPL-3.0",
      "dependencies": {
        "arangojs": "8.3.0"
      },
      "devDependencies": {
        "@moodlenet/core": "^0.8.1",
        "@types/node": "17.0.35",
        "typescript": "5.4"
      },
      "engines": {
        "node": "20",
        "npm": "10",
        "yarn": "please-use-npm"
      },
      "peerDependencies": {
        "@moodlenet/core": "^0.8.1"
      }
    },
    "../../packages/collection": {
      "name": "@moodlenet/collection",
      "version": "0.8.1",
      "license": "AGPL-3.0",
      "dependencies": {
        "@moodlenet/component-library": "^0.8.1",
        "@moodlenet/key-value-store": "^0.8.1",
        "@moodlenet/simple-file-store": "^0.8.1",
        "formik": "2.2.9",
        "yup": "0.32.11"
      },
      "devDependencies": {
        "@lingui/macro": "3.14.0",
        "@moodlenet/core": "^0.8.1",
        "@moodlenet/ed-resource": "^0.8.1",
        "@moodlenet/react-app": "^0.8.1",
        "@moodlenet/system-entities": "^0.8.1",
        "@mui/icons-material": "5.14.9",
        "@mui/material": "5.14.9",
        "@storybook/addon-actions": "7.4.2",
        "@storybook/react": "7.4.2",
        "@types/node": "17.0.35",
        "@types/react": "18.2.22",
        "@types/react-dom": "18.2.7",
        "react-router-dom": "6.4.1",
        "typed-emitter": "2.1.0",
        "typescript": "5.4"
      },
      "engines": {
        "node": "20",
        "npm": "10",
        "yarn": "please-use-npm"
      },
      "peerDependencies": {
        "@moodlenet/core": "^0.8.1",
        "@moodlenet/ed-resource": "^0.8.1",
        "@moodlenet/react-app": "^0.8.1",
        "@moodlenet/system-entities": "^0.8.1",
        "@mui/icons-material": "5.14.9",
        "@mui/material": "5.14.9"
      }
    },
    "../../packages/core": {
      "name": "@moodlenet/core",
      "version": "0.8.1",
      "license": "AGPL-3.0",
      "dependencies": {
        "dependency-graph": "0.11.0",
        "execa": "7.1.1",
        "npm-check-updates": "16.3.18",
        "pkg-dir": "7.0.0",
        "semver": "7.3.6",
        "winston": "3.9.0",
        "winston-daily-rotate-file": "4.7.1",
        "yargs": "17.5.1"
      },
      "devDependencies": {
        "@types/node": "17.0.35",
        "@types/semver": "7.3.9",
        "@types/yargs": "17.0.10",
        "typescript": "5.4"
      },
      "engines": {
        "node": "20",
        "npm": "10",
        "yarn": "please-use-npm"
      }
    },
    "../../packages/crypto": {
      "name": "@moodlenet/crypto",
      "version": "0.8.1",
      "license": "AGPL-3.0",
      "dependencies": {
        "argon2": "0.31.0",
        "jose": "4.14",
        "ulid": "2.3.0",
        "ulidx": "2.2.1"
      },
      "devDependencies": {
        "@moodlenet/core": "^0.8.1",
        "@types/argon2": "0.15.0",
        "@types/node": "17.0.35",
        "typescript": "5.4"
      },
      "engines": {
        "node": "20",
        "npm": "10",
        "yarn": "please-use-npm"
      },
      "peerDependencies": {
        "@moodlenet/core": "^0.8.1"
      }
    },
    "../../packages/ed-meta": {
      "name": "@moodlenet/ed-meta",
      "version": "0.8.1",
      "license": "AGPL-3.0",
      "dependencies": {
        "@moodlenet/component-library": "^0.8.1",
        "@moodlenet/key-value-store": "^0.8.1",
        "formik": "2.2.9",
        "yup": "0.32.11"
      },
      "devDependencies": {
        "@lingui/macro": "3.14.0",
        "@moodlenet/core": "^0.8.1",
        "@moodlenet/react-app": "^0.8.1",
        "@moodlenet/system-entities": "^0.8.1",
        "@mui/icons-material": "5.14.9",
        "@mui/material": "5.14.9",
        "@types/node": "17.0.35",
        "@types/react": "18.2.22",
        "@types/react-dom": "18.2.7",
        "react-router-dom": "6.4.1",
        "typescript": "5.4"
      },
      "engines": {
        "node": "20",
        "npm": "10",
        "yarn": "please-use-npm"
      },
      "peerDependencies": {
        "@moodlenet/core": "^0.8.1",
        "@moodlenet/react-app": "^0.8.1",
        "@moodlenet/system-entities": "^0.8.1",
        "@mui/icons-material": "5.14.9",
        "@mui/material": "5.14.9"
      }
    },
    "../../packages/ed-resource": {
      "name": "@moodlenet/ed-resource",
      "version": "0.8.1",
      "license": "AGPL-3.0",
      "dependencies": {
        "@moodlenet/component-library": "^0.8.1",
        "@moodlenet/core-domain": "^0.8.1",
        "@moodlenet/key-value-store": "^0.8.1",
        "@moodlenet/simple-file-store": "^0.8.1",
        "formik": "2.2.9",
        "moment": "2.29.4",
        "xbytes": "1.8.0",
        "xstate": "4.38.3",
        "yup": "0.32.11"
      },
      "devDependencies": {
        "@lingui/macro": "3.14.0",
        "@moodlenet/core": "^0.8.1",
        "@moodlenet/ed-meta": "^0.8.1",
        "@moodlenet/http-server": "^0.8.1",
        "@moodlenet/react-app": "^0.8.1",
        "@moodlenet/system-entities": "^0.8.1",
        "@mui/icons-material": "5.14.9",
        "@mui/material": "5.14.9",
        "@storybook/addon-actions": "7.4.2",
        "@storybook/react": "7.4.2",
        "@types/node": "17.0.35",
        "@types/react": "18.2.22",
        "@types/react-dom": "18.2.7",
        "react-router-dom": "6.4.1",
        "typed-emitter": "2.1.0",
        "typescript": "5.4"
      },
      "engines": {
        "node": "20",
        "npm": "10",
        "yarn": "please-use-npm"
      },
      "peerDependencies": {
        "@moodlenet/core": "^0.8.1",
        "@moodlenet/ed-meta": "^0.8.1",
        "@moodlenet/http-server": "^0.8.1",
        "@moodlenet/react-app": "^0.8.1",
        "@moodlenet/system-entities": "^0.8.1",
        "@mui/icons-material": "5.14.9",
        "@mui/material": "5.14.9"
      }
    },
    "../../packages/email-service": {
      "name": "@moodlenet/email-service",
      "version": "0.8.1",
      "license": "AGPL-3.0",
      "dependencies": {
        "@moodlenet/key-value-store": "^0.8.1",
        "dot": "1.1.3",
        "nodemailer": "6.6.1"
      },
      "devDependencies": {
        "@moodlenet/core": "^0.8.1",
        "@moodlenet/organization": "^0.8.1",
        "@types/dot": "1.1.5",
        "@types/node": "17.0.35",
        "@types/nodemailer": "6.4.5",
        "@types/react": "18.2.22",
        "@types/react-dom": "18.2.7",
        "react-router-dom": "6.4.1",
        "typescript": "5.4"
      },
      "engines": {
        "node": "20",
        "npm": "10",
        "yarn": "please-use-npm"
      },
      "peerDependencies": {
        "@moodlenet/core": "^0.8.1",
        "@moodlenet/organization": "^0.8.1"
      }
    },
    "../../packages/extensions-manager": {
      "name": "@moodlenet/extensions-manager",
      "version": "0.8.1",
      "license": "AGPL-3.0",
      "dependencies": {
        "@moodlenet/component-library": "^0.8.1",
        "axios": "1.6.2",
        "formik": "2.2.9",
        "react-markdown": "8.0.3",
        "react-syntax-highlighter": "15.5.0",
        "rehype-raw": "6.1.1",
        "yup": "0.32.11"
      },
      "devDependencies": {
        "@moodlenet/core": "^0.8.1",
        "@moodlenet/react-app": "^0.8.1",
        "@mui/icons-material": "5.14.9",
        "@mui/material": "5.14.9",
        "@storybook/addon-actions": "7.4.2",
        "@storybook/react": "7.4.2",
        "@types/node": "17.0.35",
        "@types/react": "18.2.22",
        "@types/react-dom": "18.2.7",
        "@types/react-syntax-highlighter": "15.5.2",
        "typescript": "5.4"
      },
      "engines": {
        "node": "20",
        "npm": "10",
        "yarn": "please-use-npm"
      },
      "peerDependencies": {
        "@moodlenet/core": "^0.8.1",
        "@moodlenet/react-app": "^0.8.1",
        "@mui/icons-material": "5.14.9",
        "@mui/material": "5.14.9"
      }
    },
    "../../packages/http-server": {
      "name": "@moodlenet/http-server",
      "version": "0.8.1",
      "license": "AGPL-3.0",
      "dependencies": {
        "cookie-parser": "1.4.6",
        "express": "4.18.1",
        "http-graceful-shutdown": "3.1.7",
        "multer": "1.4.5-lts.1",
        "path-to-regexp": "6.2.1",
        "xbytes": "1.8.0"
      },
      "devDependencies": {
        "@moodlenet/core": "^0.8.1",
        "@types/cookie-parser": "1.4.3",
        "@types/express": "4.17.14",
        "@types/multer": "1.4.7",
        "@types/node": "17.0.35",
        "typescript": "5.4"
      },
      "engines": {
        "node": "20",
        "npm": "10",
        "yarn": "please-use-npm"
      },
      "peerDependencies": {
        "@moodlenet/core": "^0.8.1"
      }
    },
    "../../packages/moodle-lms-integration": {
      "name": "@moodlenet/moodle-lms-integration",
      "version": "0.8.1",
      "license": "AGPL-3.0",
      "dependencies": {
        "@moodlenet/component-library": "^0.8.1",
        "@moodlenet/key-value-store": "^0.8.1",
        "formik": "2.2.9",
        "yup": "0.32.11"
      },
      "devDependencies": {
        "@moodlenet/core": "^0.8.1",
        "@moodlenet/ed-resource": "^0.8.1",
        "@moodlenet/http-server": "^0.8.1",
        "@moodlenet/react-app": "^0.8.1",
        "@moodlenet/system-entities": "^0.8.1",
        "@moodlenet/web-user": "^0.8.1",
        "@types/node": "17.0.35",
        "@types/react": "18.2.22",
        "@types/react-dom": "18.2.7",
        "react-router-dom": "6.4.1",
        "typescript": "5.4"
      },
      "engines": {
        "node": "20",
        "npm": "10",
        "yarn": "please-use-npm"
      },
      "peerDependencies": {
        "@moodlenet/core": "^0.8.1",
        "@moodlenet/ed-resource": "^0.8.1",
        "@moodlenet/http-server": "^0.8.1",
        "@moodlenet/react-app": "^0.8.1",
        "@moodlenet/system-entities": "^0.8.1",
        "@moodlenet/web-user": "^0.8.1"
      }
    },
    "../../packages/openid": {
      "name": "@moodlenet/openid",
      "version": "0.8.1",
      "license": "AGPL-3.0",
      "dependencies": {
        "@moodlenet/component-library": "^0.8.1",
        "oidc-provider": "8.1.0"
      },
      "devDependencies": {
        "@moodlenet/arangodb": "^0.8.1",
        "@moodlenet/core": "^0.8.1",
        "@moodlenet/crypto": "^0.8.1",
        "@moodlenet/http-server": "^0.8.1",
        "@moodlenet/react-app": "^0.8.1",
        "@moodlenet/system-entities": "^0.8.1",
        "@moodlenet/web-user": "^0.8.1",
        "@types/node": "17.0.35",
        "@types/oidc-provider": "8.1.0",
        "@types/react": "18.2.22",
        "@types/react-dom": "18.2.7",
        "react-router-dom": "6.4.1",
        "typescript": "5.4"
      },
      "engines": {
        "node": "20",
        "npm": "10",
        "yarn": "please-use-npm"
      },
      "peerDependencies": {
        "@moodlenet/arangodb": "^0.8.1",
        "@moodlenet/core": "^0.8.1",
        "@moodlenet/crypto": "^0.8.1",
        "@moodlenet/http-server": "^0.8.1",
        "@moodlenet/react-app": "^0.8.1",
        "@moodlenet/system-entities": "^0.8.1",
        "@moodlenet/web-user": "^0.8.1"
      }
    },
    "../../packages/organization": {
      "name": "@moodlenet/organization",
      "version": "0.8.1",
      "license": "AGPL-3.0",
      "dependencies": {
        "@moodlenet/key-value-store": "^0.8.1",
        "@moodlenet/simple-file-store": "^0.8.1"
      },
      "devDependencies": {
        "@moodlenet/core": "^0.8.1",
        "@types/node": "17.0.35",
        "typescript": "5.4"
      },
      "engines": {
        "node": "20",
        "npm": "10",
        "yarn": "please-use-npm"
      },
      "peerDependencies": {
        "@moodlenet/core": "^0.8.1"
      }
    },
    "../../packages/react-app": {
      "name": "@moodlenet/react-app",
      "version": "0.8.1",
      "license": "AGPL-3.0",
      "dependencies": {
        "@babel/core": "7.19.0",
        "@babel/preset-env": "7.18.0",
        "@babel/preset-react": "7.17.12",
        "@emotion/react": "11.11.1",
        "@emotion/styled": "11.11.0",
        "@moodlenet/component-library": "^0.8.1",
        "@moodlenet/key-value-store": "^0.8.1",
        "@mui/icons-material": "5.14.9",
        "@mui/material": "5.14.9",
        "@svgr/webpack": "6.2.1",
        "babel-eslint": "10.1.0",
        "babel-loader": "8.2.5",
        "babel-plugin-direct-import": "1.0.0",
        "compression-webpack-plugin": "10.0.0",
        "copy-webpack-plugin": "11.0.0",
        "cross-env": "7.0.3",
        "css-loader": "6.7.1",
        "file-loader": "6.2.0",
        "formik": "2.2.9",
        "html-webpack-plugin": "5.5.0",
        "less": "4.1.2",
        "less-loader": "11.0.0",
        "node-polyfill-webpack-plugin": "2.0.1",
        "object-hash": "3.0.0",
        "path-to-regexp": "6.2.1",
        "pkg-dir": "7.0.0",
        "pretty-quick": "3.1.3",
        "react": "18.2.0",
        "react-dom": "18.2.0",
        "react-refresh": "0.13.0",
        "react-refresh-typescript": "2.0.5",
        "react-router-dom": "6.4.1",
        "react-scripts": "5.0.1",
        "resolve-typescript-plugin": "1.2.0",
        "rimraf": "4.3.1",
        "sass": "1.54.9",
        "sass-loader": "13.1.0",
        "serve": "13.0.2",
        "sharp": "0.32.4",
        "slugify": "1.6.6",
        "style-loader": "3.3.1",
        "ts-loader": "9.3.0",
        "typescript": "5.4",
        "url-loader": "4.1.1",
        "webpack": "5.88.2",
        "webpack-bundle-analyzer": "4.5.0",
        "webpack-cli": "4.9.2",
        "webpack-dev-server": "4.9.0",
        "webpack-virtual-modules": "0.4.3",
        "xbytes": "1.8.0",
        "yup": "0.32.11"
      },
      "devDependencies": {
        "@moodlenet/arangodb": "^0.8.1",
        "@moodlenet/core": "^0.8.1",
        "@moodlenet/http-server": "^0.8.1",
        "@moodlenet/organization": "^0.8.1",
        "@storybook/addon-actions": "7.4.2",
        "@storybook/react": "7.4.2",
        "@types/copy-webpack-plugin": "10.1.0",
        "@types/jest": "29.5.8",
        "@types/node": "17.0.35",
        "@types/object-hash": "3.0.2",
        "@types/react": "18.2.22",
        "@types/react-dom": "18.2.7"
      },
      "engines": {
        "node": "20",
        "npm": "10",
        "yarn": "please-use-npm"
      },
      "peerDependencies": {
        "@moodlenet/arangodb": "^0.8.1",
        "@moodlenet/core": "^0.8.1",
        "@moodlenet/http-server": "^0.8.1",
        "@moodlenet/organization": "^0.8.1"
      }
    },
    "../../packages/simple-email-auth": {
      "name": "@moodlenet/simple-email-auth",
      "version": "0.8.1",
      "license": "AGPL-3.0",
      "dependencies": {
        "@moodlenet/component-library": "^0.8.1",
        "@moodlenet/key-value-store": "^0.8.1",
        "dot": "1.1.3",
        "formik": "2.2.9",
        "yup": "0.32.11"
      },
      "devDependencies": {
        "@moodlenet/arangodb": "^0.8.1",
        "@moodlenet/core": "^0.8.1",
        "@moodlenet/crypto": "^0.8.1",
        "@moodlenet/email-service": "^0.8.1",
        "@moodlenet/http-server": "^0.8.1",
        "@moodlenet/organization": "^0.8.1",
        "@moodlenet/react-app": "^0.8.1",
        "@moodlenet/web-user": "^0.8.1",
        "@mui/icons-material": "5.14.9",
        "@mui/material": "5.14.9",
        "@storybook/addon-actions": "7.4.2",
        "@storybook/react": "7.4.2",
        "@types/dot": "1.1.5",
        "@types/node": "17.0.35",
        "@types/react": "18.2.22",
        "@types/react-dom": "18.2.7",
        "react-router-dom": "6.4.1",
        "typescript": "5.4"
      },
      "engines": {
        "node": "20",
        "npm": "10",
        "yarn": "please-use-npm"
      },
      "peerDependencies": {
        "@moodlenet/arangodb": "^0.8.1",
        "@moodlenet/core": "^0.8.1",
        "@moodlenet/crypto": "^0.8.1",
        "@moodlenet/email-service": "^0.8.1",
        "@moodlenet/http-server": "^0.8.1",
        "@moodlenet/organization": "^0.8.1",
        "@moodlenet/react-app": "^0.8.1",
        "@moodlenet/web-user": "^0.8.1",
        "@mui/icons-material": "5.14.9",
        "@mui/material": "5.14.9"
      }
    },
    "../../packages/system-entities": {
      "name": "@moodlenet/system-entities",
      "version": "0.8.1",
      "license": "AGPL-3.0",
      "dependencies": {
        "@moodlenet/key-value-store": "^0.8.1",
        "nanoid": "4.0.2"
      },
      "devDependencies": {
        "@moodlenet/arangodb": "^0.8.1",
        "@moodlenet/core": "^0.8.1",
        "@types/node": "17.0.35",
        "typed-emitter": "2.1.0",
        "typescript": "5.4"
      },
      "engines": {
        "node": "20",
        "npm": "10",
        "yarn": "please-use-npm"
      },
      "peerDependencies": {
        "@moodlenet/arangodb": "^0.8.1",
        "@moodlenet/core": "^0.8.1"
      }
    },
    "../../packages/web-user": {
      "name": "@moodlenet/web-user",
      "version": "0.8.1",
      "license": "AGPL-3.0",
      "dependencies": {
        "@moodlenet/component-library": "^0.8.1",
        "@moodlenet/key-value-store": "^0.8.1",
        "@moodlenet/simple-file-store": "^0.8.1",
        "dot": "1.1.3",
        "formik": "2.2.9",
        "immer": "10.0.3",
        "js-cookie": "3.0.1",
        "xstate": "4.38.3",
        "yup": "0.32.11"
      },
      "devDependencies": {
        "@moodlenet/arangodb": "^0.8.1",
        "@moodlenet/collection": "^0.8.1",
        "@moodlenet/core": "^0.8.1",
        "@moodlenet/core-domain": "^0.8.1",
        "@moodlenet/crypto": "^0.8.1",
        "@moodlenet/ed-meta": "^0.8.1",
        "@moodlenet/ed-resource": "^0.8.1",
        "@moodlenet/http-server": "^0.8.1",
        "@moodlenet/organization": "^0.8.1",
        "@moodlenet/react-app": "^0.8.1",
        "@moodlenet/system-entities": "^0.8.1",
        "@mui/icons-material": "5.14.9",
        "@mui/material": "5.14.9",
        "@storybook/addon-actions": "7.4.2",
        "@storybook/addon-links": "7.4.2",
        "@storybook/react": "7.4.2",
        "@types/dot": "1.1.5",
        "@types/js-cookie": "3.0.2",
        "@types/react": "18.2.22",
        "@types/react-dom": "18.2.7",
        "react-router-dom": "6.4.1",
        "typed-emitter": "2.1.0"
      },
      "engines": {
        "node": "20",
        "npm": "10",
        "yarn": "please-use-npm"
      },
      "peerDependencies": {
        "@moodlenet/arangodb": "^0.8.1",
        "@moodlenet/collection": "^0.8.1",
        "@moodlenet/core": "^0.8.1",
        "@moodlenet/core-domain": "^0.8.1",
        "@moodlenet/crypto": "^0.8.1",
        "@moodlenet/ed-meta": "^0.8.1",
        "@moodlenet/ed-resource": "^0.8.1",
        "@moodlenet/http-server": "^0.8.1",
        "@moodlenet/organization": "^0.8.1",
        "@moodlenet/react-app": "^0.8.1",
        "@moodlenet/system-entities": "^0.8.1",
        "@mui/icons-material": "5.14.9",
        "@mui/material": "5.14.9"
      }
    },
    "node_modules/@citricity/saml-auth": {
      "resolved": "../../packages/@citricity__saml-auth",
      "link": true
    },
    "node_modules/@moodlenet/arangodb": {
      "resolved": "../../packages/arangodb",
      "link": true
    },
    "node_modules/@moodlenet/collection": {
      "resolved": "../../packages/collection",
      "link": true
    },
    "node_modules/@moodlenet/core": {
      "resolved": "../../packages/core",
      "link": true
    },
    "node_modules/@moodlenet/crypto": {
      "resolved": "../../packages/crypto",
      "link": true
    },
    "node_modules/@moodlenet/ed-meta": {
      "resolved": "../../packages/ed-meta",
      "link": true
    },
    "node_modules/@moodlenet/ed-resource": {
      "resolved": "../../packages/ed-resource",
      "link": true
    },
    "node_modules/@moodlenet/email-service": {
      "resolved": "../../packages/email-service",
      "link": true
    },
    "node_modules/@moodlenet/extensions-manager": {
      "resolved": "../../packages/extensions-manager",
      "link": true
    },
    "node_modules/@moodlenet/http-server": {
      "resolved": "../../packages/http-server",
      "link": true
    },
    "node_modules/@moodlenet/moodle-lms-integration": {
      "resolved": "../../packages/moodle-lms-integration",
      "link": true
    },
    "node_modules/@moodlenet/openid": {
      "resolved": "../../packages/openid",
      "link": true
    },
    "node_modules/@moodlenet/organization": {
      "resolved": "../../packages/organization",
      "link": true
    },
    "node_modules/@moodlenet/react-app": {
      "resolved": "../../packages/react-app",
      "link": true
    },
    "node_modules/@moodlenet/simple-email-auth": {
      "resolved": "../../packages/simple-email-auth",
      "link": true
    },
    "node_modules/@moodlenet/system-entities": {
      "resolved": "../../packages/system-entities",
      "link": true
    },
    "node_modules/@moodlenet/web-user": {
      "resolved": "../../packages/web-user",
      "link": true
    }
  }
}
